{
	"name": "@vorstieg/topo-renderer",
	"version": "0.1.3",
	"lockfileVersion": 3,
	"requires": true,
	"packages": {
		"": {
			"name": "@vorstieg/topo-renderer",
			"version": "0.1.3",
			"dependencies": {
				"@vorstieg/fels-types": "0.1.3"
			},
			"devDependencies": {
				"@types/d3-selection": "^3.0.12",
				"typescript": "^6.0.3"
			},
			"peerDependencies": {
				"d3-selection": "^3.0.0"
			}
		},
		"node_modules/@types/d3-selection": {
			"version": "3.0.12",
			"resolved": "https://registry.npmjs.org/@types/d3-selection/-/d3-selection-3.0.12.tgz",
			"integrity": "sha512-Qe/KWYhEiIIxGs7HrAAjMfShxKldx19SJtr5zu53f3afPsdZNz7HHtdTLXo/kqeiWNXVycI24kSnfzBYkTzpgw==",
			"dev": true,
			"license": "MIT"
		},
		"node_modules/@vorstieg/fels-types": {
			"version": "0.1.3",
			"resolved": "https://npm.pkg.github.com/download/@vorstieg/fels-types/0.1.3/2b49a2f14bb3638484100c3683ddaf55d504863d",
			"integrity": "sha512-pRFqKAHj79C3pWdUDxw7sQZXNaCeooK2JOZd/qWMOSfxTUhsNDA6yK/raj4sHw27QdnYDaIEKFEcDwJn450KVw=="
		},
		"node_modules/d3-selection": {
			"version": "3.0.0",
			"resolved": "https://registry.npmjs.org/d3-selection/-/d3-selection-3.0.0.tgz",
			"integrity": "sha512-fmTRWbNMmsmWq6xJV8D19U/gw/bwrHfNXxrIN+HfZgnzqTHp9jOmKMhsTUjXOJnZOdZY9Q28y4yebKzqDKlxlQ==",
			"license": "ISC",
			"peer": true,
			"engines": {
				"node": ">=12"
			}
		},
		"node_modules/typescript": {
			"version": "6.0.3",
			"resolved": "https://registry.npmjs.org/typescript/-/typescript-6.0.3.tgz",
			"integrity": "sha512-y2TvuxSZPDyQakkFRPZHKFm+KKVqIisdg9/CZwm9ftvKXLP8NRWj38/ODjNbr43SsoXqNuAisEf1GdCxqWcdBw==",
			"dev": true,
			"license": "Apache-2.0",
			"bin": {
				"tsc": "bin/tsc",
				"tsserver": "bin/tsserver"
			},
			"engines": {
				"node": ">=14.17"
			}
		}
	}
}
